
Microsoft Visual Studio Solution File, Format Version 12.00
# Visual Studio Version 16
VisualStudioVersion = 25.0.1705.4
MinimumVisualStudioVersion = 10.0.40219.1
Project("{FAE04EC0-301F-11D3-BF4B-00C04F79EFBC}") = "Leetcode-2023", "Leetcode-2023\Leetcode-2023.csproj", "{CA353C02-7830-43D4-A955-1319FE1D51D4}"
EndProject
Global
	GlobalSection(SolutionConfigurationPlatforms) = preSolution
		Debug|Any CPU = Debug|Any CPU
		Release|Any CPU = Release|Any CPU
	EndGlobalSection
	GlobalSection(ProjectConfigurationPlatforms) = postSolution
		{CA353C02-7830-43D4-A955-1319FE1D51D4}.Debug|Any CPU.ActiveCfg = Debug|Any CPU
		{CA353C02-7830-43D4-A955-1319FE1D51D4}.Debug|Any CPU.Build.0 = Debug|Any CPU
		{CA353C02-7830-43D4-A955-1319FE1D51D4}.Release|Any CPU.ActiveCfg = Release|Any CPU
		{CA353C02-7830-43D4-A955-1319FE1D51D4}.Release|Any CPU.Build.0 = Release|Any CPU
	EndGlobalSection
	GlobalSection(SolutionProperties) = preSolution
		HideSolutionNode = FALSE
	EndGlobalSection
	GlobalSection(ExtensibilityGlobals) = postSolution
		SolutionGuid = {EC9438B0-51F8-4529-A7A7-7F79126E2229}
	EndGlobalSection
EndGlobal
